
Microsoft Visual Studio Solution File, Format Version 12.00
# Visual Studio Version 16
VisualStudioVersion = 16.0.30907.101
MinimumVisualStudioVersion = 10.0.40219.1
Project("{9A19103F-16F7-4668-BE54-9A1E7A4F7556}") = "SimUDuck", "HeadFirstDesignPattern\SimUDuck.csproj", "{37CD5240-BDF1-47FF-B257-0E4D8001D13F}"
EndProject
Global
	GlobalSection(SolutionConfigurationPlatforms) = preSolution
		Debug|Any CPU = Debug|Any CPU
		Release|Any CPU = Release|Any CPU
	EndGlobalSection
	GlobalSection(ProjectConfigurationPlatforms) = postSolution
		{37CD5240-BDF1-47FF-B257-0E4D8001D13F}.Debug|Any CPU.ActiveCfg = Debug|Any CPU
		{37CD5240-BDF1-47FF-B257-0E4D8001D13F}.Debug|Any CPU.Build.0 = Debug|Any CPU
		{37CD5240-BDF1-47FF-B257-0E4D8001D13F}.Release|Any CPU.ActiveCfg = Release|Any CPU
		{37CD5240-BDF1-47FF-B257-0E4D8001D13F}.Release|Any CPU.Build.0 = Release|Any CPU
	EndGlobalSection
	GlobalSection(SolutionProperties) = preSolution
		HideSolutionNode = FALSE
	EndGlobalSection
	GlobalSection(ExtensibilityGlobals) = postSolution
		SolutionGuid = {A559A3DA-A6E1-4D02-B3C5-E0BC31C352DC}
	EndGlobalSection
EndGlobal
